
Microsoft Visual Studio Solution File, Format Version 12.00
# Visual Studio 15
VisualStudioVersion = 15.0.28010.2016
MinimumVisualStudioVersion = 10.0.40219.1
Project("{9A19103F-16F7-4668-BE54-9A1E7A4F7556}") = "MobileJO.Core", "MobileJO\MobileJO.Core\MobileJO.Core.csproj", "{BB03A8D0-A13F-4632-96CD-28AE49ACB426}"
EndProject
Project("{FAE04EC0-301F-11D3-BF4B-00C04F79EFBC}") = "MobileJO.Droid", "MobileJO\MobileJO.Droid\MobileJO.Droid.csproj", "{29FBC4C6-BB34-4860-A151-1990E0323A7E}"
EndProject
Project("{FAE04EC0-301F-11D3-BF4B-00C04F79EFBC}") = "MobileJO.iOS", "MobileJO\MobileJO.iOS\MobileJO.iOS.csproj", "{730A773E-7290-42CD-A858-6EA3A309B2EF}"
EndProject
Global
	GlobalSection(SolutionConfigurationPlatforms) = preSolution
		Ad-Hoc|Any CPU = Ad-Hoc|Any CPU
		Ad-Hoc|iPhone = Ad-Hoc|iPhone
		Ad-Hoc|iPhoneSimulator = Ad-Hoc|iPhoneSimulator
		AppStore|Any CPU = AppStore|Any CPU
		AppStore|iPhone = AppStore|iPhone
		AppStore|iPhoneSimulator = AppStore|iPhoneSimulator
		Debug|Any CPU = Debug|Any CPU
		Debug|iPhone = Debug|iPhone
		Debug|iPhoneSimulator = Debug|iPhoneSimulator
		Release|Any CPU = Release|Any CPU
		Release|iPhone = Release|iPhone
		Release|iPhoneSimulator = Release|iPhoneSimulator
	EndGlobalSection
	GlobalSection(ProjectConfigurationPlatforms) = postSolution
		{BB03A8D0-A13F-4632-96CD-28AE49ACB426}.Ad-Hoc|Any CPU.ActiveCfg = Debug|Any CPU
		{BB03A8D0-A13F-4632-96CD-28AE49ACB426}.Ad-Hoc|Any CPU.Build.0 = Debug|Any CPU
		{BB03A8D0-A13F-4632-96CD-28AE49ACB426}.Ad-Hoc|iPhone.ActiveCfg = Debug|Any CPU
		{BB03A8D0-A13F-4632-96CD-28AE49ACB426}.Ad-Hoc|iPhone.Build.0 = Debug|Any CPU
		{BB03A8D0-A13F-4632-96CD-28AE49ACB426}.Ad-Hoc|iPhoneSimulator.ActiveCfg = Debug|Any CPU
		{BB03A8D0-A13F-4632-96CD-28AE49ACB426}.Ad-Hoc|iPhoneSimulator.Build.0 = Debug|Any CPU
		{BB03A8D0-A13F-4632-96CD-28AE49ACB426}.AppStore|Any CPU.ActiveCfg = Debug|Any CPU
		{BB03A8D0-A13F-4632-96CD-28AE49ACB426}.AppStore|Any CPU.Build.0 = Debug|Any CPU
		{BB03A8D0-A13F-4632-96CD-28AE49ACB426}.AppStore|iPhone.ActiveCfg = Debug|Any CPU
		{BB03A8D0-A13F-4632-96CD-28AE49ACB426}.AppStore|iPhone.Build.0 = Debug|Any CPU
		{BB03A8D0-A13F-4632-96CD-28AE49ACB426}.AppStore|iPhoneSimulator.ActiveCfg = Debug|Any CPU
		{BB03A8D0-A13F-4632-96CD-28AE49ACB426}.AppStore|iPhoneSimulator.Build.0 = Debug|Any CPU
		{BB03A8D0-A13F-4632-96CD-28AE49ACB426}.Debug|Any CPU.ActiveCfg = Debug|Any CPU
		{BB03A8D0-A13F-4632-96CD-28AE49ACB426}.Debug|Any CPU.Build.0 = Debug|Any CPU
		{BB03A8D0-A13F-4632-96CD-28AE49ACB426}.Debug|iPhone.ActiveCfg = Debug|Any CPU
		{BB03A8D0-A13F-4632-96CD-28AE49ACB426}.Debug|iPhone.Build.0 = Debug|Any CPU
		{BB03A8D0-A13F-4632-96CD-28AE49ACB426}.Debug|iPhoneSimulator.ActiveCfg = Debug|Any CPU
		{BB03A8D0-A13F-4632-96CD-28AE49ACB426}.Debug|iPhoneSimulator.Build.0 = Debug|Any CPU
		{BB03A8D0-A13F-4632-96CD-28AE49ACB426}.Release|Any CPU.ActiveCfg = Release|Any CPU
		{BB03A8D0-A13F-4632-96CD-28AE49ACB426}.Release|Any CPU.Build.0 = Release|Any CPU
		{BB03A8D0-A13F-4632-96CD-28AE49ACB426}.Release|iPhone.ActiveCfg = Release|Any CPU
		{BB03A8D0-A13F-4632-96CD-28AE49ACB426}.Release|iPhone.Build.0 = Release|Any CPU
		{BB03A8D0-A13F-4632-96CD-28AE49ACB426}.Release|iPhoneSimulator.ActiveCfg = Release|Any CPU
		{BB03A8D0-A13F-4632-96CD-28AE49ACB426}.Release|iPhoneSimulator.Build.0 = Release|Any CPU
		{29FBC4C6-BB34-4860-A151-1990E0323A7E}.Ad-Hoc|Any CPU.ActiveCfg = Release|Any CPU
		{29FBC4C6-BB34-4860-A151-1990E0323A7E}.Ad-Hoc|Any CPU.Build.0 = Release|Any CPU
		{29FBC4C6-BB34-4860-A151-1990E0323A7E}.Ad-Hoc|Any CPU.Deploy.0 = Release|Any CPU
		{29FBC4C6-BB34-4860-A151-1990E0323A7E}.Ad-Hoc|iPhone.ActiveCfg = Release|Any CPU
		{29FBC4C6-BB34-4860-A151-1990E0323A7E}.Ad-Hoc|iPhone.Build.0 = Release|Any CPU
		{29FBC4C6-BB34-4860-A151-1990E0323A7E}.Ad-Hoc|iPhone.Deploy.0 = Release|Any CPU
		{29FBC4C6-BB34-4860-A151-1990E0323A7E}.Ad-Hoc|iPhoneSimulator.ActiveCfg = Release|Any CPU
		{29FBC4C6-BB34-4860-A151-1990E0323A7E}.Ad-Hoc|iPhoneSimulator.Build.0 = Release|Any CPU
		{29FBC4C6-BB34-4860-A151-1990E0323A7E}.Ad-Hoc|iPhoneSimulator.Deploy.0 = Release|Any CPU
		{29FBC4C6-BB34-4860-A151-1990E0323A7E}.AppStore|Any CPU.ActiveCfg = Release|Any CPU
		{29FBC4C6-BB34-4860-A151-1990E0323A7E}.AppStore|Any CPU.Build.0 = Release|Any CPU
		{29FBC4C6-BB34-4860-A151-1990E0323A7E}.AppStore|Any CPU.Deploy.0 = Release|Any CPU
		{29FBC4C6-BB34-4860-A151-1990E0323A7E}.AppStore|iPhone.ActiveCfg = Release|Any CPU
		{29FBC4C6-BB34-4860-A151-1990E0323A7E}.AppStore|iPhone.Build.0 = Release|Any CPU
		{29FBC4C6-BB34-4860-A151-1990E0323A7E}.AppStore|iPhone.Deploy.0 = Release|Any CPU
		{29FBC4C6-BB34-4860-A151-1990E0323A7E}.AppStore|iPhoneSimulator.ActiveCfg = Release|Any CPU
		{29FBC4C6-BB34-4860-A151-1990E0323A7E}.AppStore|iPhoneSimulator.Build.0 = Release|Any CPU
		{29FBC4C6-BB34-4860-A151-1990E0323A7E}.AppStore|iPhoneSimulator.Deploy.0 = Release|Any CPU
		{29FBC4C6-BB34-4860-A151-1990E0323A7E}.Debug|Any CPU.ActiveCfg = Debug|Any CPU
		{29FBC4C6-BB34-4860-A151-1990E0323A7E}.Debug|Any CPU.Build.0 = Debug|Any CPU
		{29FBC4C6-BB34-4860-A151-1990E0323A7E}.Debug|Any CPU.Deploy.0 = Debug|Any CPU
		{29FBC4C6-BB34-4860-A151-1990E0323A7E}.Debug|iPhone.ActiveCfg = Debug|Any CPU
		{29FBC4C6-BB34-4860-A151-1990E0323A7E}.Debug|iPhone.Build.0 = Debug|Any CPU
		{29FBC4C6-BB34-4860-A151-1990E0323A7E}.Debug|iPhone.Deploy.0 = Debug|Any CPU
		{29FBC4C6-BB34-4860-A151-1990E0323A7E}.Debug|iPhoneSimulator.ActiveCfg = Debug|Any CPU
		{29FBC4C6-BB34-4860-A151-1990E0323A7E}.Debug|iPhoneSimulator.Build.0 = Debug|Any CPU
		{29FBC4C6-BB34-4860-A151-1990E0323A7E}.Debug|iPhoneSimulator.Deploy.0 = Debug|Any CPU
		{29FBC4C6-BB34-4860-A151-1990E0323A7E}.Release|Any CPU.ActiveCfg = Release|Any CPU
		{29FBC4C6-BB34-4860-A151-1990E0323A7E}.Release|Any CPU.Build.0 = Release|Any CPU
		{29FBC4C6-BB34-4860-A151-1990E0323A7E}.Release|Any CPU.Deploy.0 = Release|Any CPU
		{29FBC4C6-BB34-4860-A151-1990E0323A7E}.Release|iPhone.ActiveCfg = Release|Any CPU
		{29FBC4C6-BB34-4860-A151-1990E0323A7E}.Release|iPhone.Build.0 = Release|Any CPU
		{29FBC4C6-BB34-4860-A151-1990E0323A7E}.Release|iPhone.Deploy.0 = Release|Any CPU
		{29FBC4C6-BB34-4860-A151-1990E0323A7E}.Release|iPhoneSimulator.ActiveCfg = Release|Any CPU
		{29FBC4C6-BB34-4860-A151-1990E0323A7E}.Release|iPhoneSimulator.Build.0 = Release|Any CPU
		{29FBC4C6-BB34-4860-A151-1990E0323A7E}.Release|iPhoneSimulator.Deploy.0 = Release|Any CPU
		{730A773E-7290-42CD-A858-6EA3A309B2EF}.Ad-Hoc|Any CPU.ActiveCfg = Ad-Hoc|iPhone
		{730A773E-7290-42CD-A858-6EA3A309B2EF}.Ad-Hoc|iPhone.ActiveCfg = Ad-Hoc|iPhone
		{730A773E-7290-42CD-A858-6EA3A309B2EF}.Ad-Hoc|iPhone.Build.0 = Ad-Hoc|iPhone
		{730A773E-7290-42CD-A858-6EA3A309B2EF}.Ad-Hoc|iPhoneSimulator.ActiveCfg = Ad-Hoc|iPhoneSimulator
		{730A773E-7290-42CD-A858-6EA3A309B2EF}.Ad-Hoc|iPhoneSimulator.Build.0 = Ad-Hoc|iPhoneSimulator
		{730A773E-7290-42CD-A858-6EA3A309B2EF}.AppStore|Any CPU.ActiveCfg = AppStore|iPhone
		{730A773E-7290-42CD-A858-6EA3A309B2EF}.AppStore|iPhone.ActiveCfg = AppStore|iPhone
		{730A773E-7290-42CD-A858-6EA3A309B2EF}.AppStore|iPhone.Build.0 = AppStore|iPhone
		{730A773E-7290-42CD-A858-6EA3A309B2EF}.AppStore|iPhoneSimulator.ActiveCfg = AppStore|iPhoneSimulator
		{730A773E-7290-42CD-A858-6EA3A309B2EF}.AppStore|iPhoneSimulator.Build.0 = AppStore|iPhoneSimulator
		{730A773E-7290-42CD-A858-6EA3A309B2EF}.Debug|Any CPU.ActiveCfg = Debug|iPhone
		{730A773E-7290-42CD-A858-6EA3A309B2EF}.Debug|iPhone.ActiveCfg = Debug|iPhone
		{730A773E-7290-42CD-A858-6EA3A309B2EF}.Debug|iPhone.Build.0 = Debug|iPhone
		{730A773E-7290-42CD-A858-6EA3A309B2EF}.Debug|iPhoneSimulator.ActiveCfg = Debug|iPhoneSimulator
		{730A773E-7290-42CD-A858-6EA3A309B2EF}.Debug|iPhoneSimulator.Build.0 = Debug|iPhoneSimulator
		{730A773E-7290-42CD-A858-6EA3A309B2EF}.Release|Any CPU.ActiveCfg = Release|iPhone
		{730A773E-7290-42CD-A858-6EA3A309B2EF}.Release|iPhone.ActiveCfg = Release|iPhone
		{730A773E-7290-42CD-A858-6EA3A309B2EF}.Release|iPhone.Build.0 = Release|iPhone
		{730A773E-7290-42CD-A858-6EA3A309B2EF}.Release|iPhoneSimulator.ActiveCfg = Release|iPhoneSimulator
		{730A773E-7290-42CD-A858-6EA3A309B2EF}.Release|iPhoneSimulator.Build.0 = Release|iPhoneSimulator
	EndGlobalSection
	GlobalSection(SolutionProperties) = preSolution
		HideSolutionNode = FALSE
	EndGlobalSection
	GlobalSection(ExtensibilityGlobals) = postSolution
		SolutionGuid = {077D522E-202D-4819-ABEA-AFBAF6B55A28}
	EndGlobalSection
EndGlobal
